// !$*UTF8*$!
{
	archiveVersion = 1;
	classes = {
	};
	objectVersion = 60;
	objects = {

/* Begin PBXBuildFile section */
		EE0C8D802AEAB5120019B7FA /* MegaNavigationController.swift in Sources */ = {isa = PBXBuildFile; fileRef = EE0C8D7F2AEAB5120019B7FA /* MegaNavigationController.swift */; };
		EE3061EB2AED2CB300F4DC42 /* HomeModel.swift in Sources */ = {isa = PBXBuildFile; fileRef = EE3061EA2AED2CB300F4DC42 /* HomeModel.swift */; };
		EE3061ED2AED2EEC00F4DC42 /* AddsModel.swift in Sources */ = {isa = PBXBuildFile; fileRef = EE3061EC2AED2EEC00F4DC42 /* AddsModel.swift */; };
		EE3061EF2AED2F4800F4DC42 /* CategoryModel.swift in Sources */ = {isa = PBXBuildFile; fileRef = EE3061EE2AED2F4800F4DC42 /* CategoryModel.swift */; };
		EE3061F12AED2F8B00F4DC42 /* ProductModel.swift in Sources */ = {isa = PBXBuildFile; fileRef = EE3061F02AED2F8B00F4DC42 /* ProductModel.swift */; };
		EE3061F32AED2FD600F4DC42 /* OfferModel.swift in Sources */ = {isa = PBXBuildFile; fileRef = EE3061F22AED2FD600F4DC42 /* OfferModel.swift */; };
		EE3061F52AED2FF100F4DC42 /* NewsModel.swift in Sources */ = {isa = PBXBuildFile; fileRef = EE3061F42AED2FF100F4DC42 /* NewsModel.swift */; };
		EE32A9D82AEACC96008F15B0 /* CompositionalLayoutableSection in Frameworks */ = {isa = PBXBuildFile; productRef = EE32A9D72AEACC96008F15B0 /* CompositionalLayoutableSection */; };
		EE32A9DB2AEACD15008F15B0 /* AddsSection.swift in Sources */ = {isa = PBXBuildFile; fileRef = EE32A9DA2AEACD15008F15B0 /* AddsSection.swift */; };
		EE32A9DF2AEAD9D5008F15B0 /* HomeViewController.xib in Resources */ = {isa = PBXBuildFile; fileRef = EE32A9DD2AEAD9D5008F15B0 /* HomeViewController.xib */; };
		EE32A9E32AEADD94008F15B0 /* AddsCollectionViewCell.swift in Sources */ = {isa = PBXBuildFile; fileRef = EE32A9E12AEADD94008F15B0 /* AddsCollectionViewCell.swift */; };
		EE32A9E42AEADD94008F15B0 /* AddsCollectionViewCell.xib in Resources */ = {isa = PBXBuildFile; fileRef = EE32A9E22AEADD94008F15B0 /* AddsCollectionViewCell.xib */; };
		EE707AC82AED684800813309 /* SectionDecorationView.swift in Sources */ = {isa = PBXBuildFile; fileRef = EE707AC72AED684800813309 /* SectionDecorationView.swift */; };
		EE707ACB2AED895900813309 /* NewsCollectionReusableView.swift in Sources */ = {isa = PBXBuildFile; fileRef = EE707ACA2AED895900813309 /* NewsCollectionReusableView.swift */; };
		EE71DA9A2AE8130A00B09801 /* ResetPassword.swift in Sources */ = {isa = PBXBuildFile; fileRef = EE71DA992AE8130A00B09801 /* ResetPassword.swift */; };
		EE71DA9C2AE816F100B09801 /* RegisterViewModelType.swift in Sources */ = {isa = PBXBuildFile; fileRef = EE71DA9B2AE816F100B09801 /* RegisterViewModelType.swift */; };
		EE71DA9F2AE818B400B09801 /* Register.swift in Sources */ = {isa = PBXBuildFile; fileRef = EE71DA9E2AE818B400B09801 /* Register.swift */; };
		EE83AD3A2AE3C16200E40FF1 /* Colors.xcassets in Resources */ = {isa = PBXBuildFile; fileRef = EE83AD392AE3C16200E40FF1 /* Colors.xcassets */; };
		EE83AD3D2AE3C20100E40FF1 /* Cairo.ttf in Resources */ = {isa = PBXBuildFile; fileRef = EE83AD3C2AE3C20100E40FF1 /* Cairo.ttf */; };
		EE83AD432AE3C4A900E40FF1 /* UIFont+Style.swift in Sources */ = {isa = PBXBuildFile; fileRef = EE83AD422AE3C4A900E40FF1 /* UIFont+Style.swift */; };
		EE83AD452AE3CEFB00E40FF1 /* DMSans.ttf in Resources */ = {isa = PBXBuildFile; fileRef = EE83AD442AE3CEFA00E40FF1 /* DMSans.ttf */; };
		EE83AD4F2AE3D19B00E40FF1 /* H1Label.swift in Sources */ = {isa = PBXBuildFile; fileRef = EE83AD4E2AE3D19B00E40FF1 /* H1Label.swift */; };
		EE83AD512AE3D1F000E40FF1 /* H2Label.swift in Sources */ = {isa = PBXBuildFile; fileRef = EE83AD502AE3D1F000E40FF1 /* H2Label.swift */; };
		EE83AD532AE3D20D00E40FF1 /* H3Label.swift in Sources */ = {isa = PBXBuildFile; fileRef = EE83AD522AE3D20D00E40FF1 /* H3Label.swift */; };
		EE83AD552AE3D22000E40FF1 /* MediumLabel.swift in Sources */ = {isa = PBXBuildFile; fileRef = EE83AD542AE3D22000E40FF1 /* MediumLabel.swift */; };
		EE83AD572AE3D23B00E40FF1 /* RegularLabel.swift in Sources */ = {isa = PBXBuildFile; fileRef = EE83AD562AE3D23B00E40FF1 /* RegularLabel.swift */; };
		EE83AD592AE3D24F00E40FF1 /* SmallLabel.swift in Sources */ = {isa = PBXBuildFile; fileRef = EE83AD582AE3D24F00E40FF1 /* SmallLabel.swift */; };
		EE83AD622AE3E3A300E40FF1 /* LoginViewController.swift in Sources */ = {isa = PBXBuildFile; fileRef = EE83AD5E2AE3E3A300E40FF1 /* LoginViewController.swift */; };
		EE83AD632AE3E3A300E40FF1 /* LoginViewModel.swift in Sources */ = {isa = PBXBuildFile; fileRef = EE83AD5F2AE3E3A300E40FF1 /* LoginViewModel.swift */; };
		EE83AD642AE3E3A300E40FF1 /* LoginViewController.xib in Resources */ = {isa = PBXBuildFile; fileRef = EE83AD602AE3E3A300E40FF1 /* LoginViewController.xib */; };
		EE83AD672AE3E40400E40FF1 /* Factory in Frameworks */ = {isa = PBXBuildFile; productRef = EE83AD662AE3E40400E40FF1 /* Factory */; };
		EE83AD6F2AE3E5C900E40FF1 /* DescriptionView.swift in Sources */ = {isa = PBXBuildFile; fileRef = EE83AD6D2AE3E5C900E40FF1 /* DescriptionView.swift */; };
		EE83AD702AE3E5C900E40FF1 /* DescriptionView.xib in Resources */ = {isa = PBXBuildFile; fileRef = EE83AD6E2AE3E5C900E40FF1 /* DescriptionView.xib */; };
		EE83AD762AE3E92A00E40FF1 /* MakeConstraints in Frameworks */ = {isa = PBXBuildFile; productRef = EE83AD752AE3E92A00E40FF1 /* MakeConstraints */; };
		EE83AD792AE3E94700E40FF1 /* Localizable in Frameworks */ = {isa = PBXBuildFile; productRef = EE83AD782AE3E94700E40FF1 /* Localizable */; };
		EE83AD852AE3F2BC00E40FF1 /* swiftgen.yml in Resources */ = {isa = PBXBuildFile; fileRef = EE83AD842AE3F2BC00E40FF1 /* swiftgen.yml */; };
		EE83AD8B2AE3F7C600E40FF1 /* Strings+Generated.swift in Sources */ = {isa = PBXBuildFile; fileRef = EE83AD8A2AE3F7C600E40FF1 /* Strings+Generated.swift */; };
		EE83AD912AE3FC3D00E40FF1 /* OnboardingTextField.swift in Sources */ = {isa = PBXBuildFile; fileRef = EE83AD8F2AE3FC3D00E40FF1 /* OnboardingTextField.swift */; };
		EE83AD922AE3FC3D00E40FF1 /* OnboardingTextField.xib in Resources */ = {isa = PBXBuildFile; fileRef = EE83AD902AE3FC3D00E40FF1 /* OnboardingTextField.xib */; };
		EE83AD952AE3FD3800E40FF1 /* Extensions in Frameworks */ = {isa = PBXBuildFile; productRef = EE83AD942AE3FD3800E40FF1 /* Extensions */; };
		EE945D672AE50DE10013DF0B /* RegisterViewController.swift in Sources */ = {isa = PBXBuildFile; fileRef = EE945D632AE50DE10013DF0B /* RegisterViewController.swift */; };
		EE945D682AE50DE10013DF0B /* RegisterViewModel.swift in Sources */ = {isa = PBXBuildFile; fileRef = EE945D642AE50DE10013DF0B /* RegisterViewModel.swift */; };
		EE945D692AE50DE10013DF0B /* RegisterViewController.xib in Resources */ = {isa = PBXBuildFile; fileRef = EE945D652AE50DE10013DF0B /* RegisterViewController.xib */; };
		EE945D702AE51A3C0013DF0B /* VerificationViewController.swift in Sources */ = {isa = PBXBuildFile; fileRef = EE945D6C2AE51A3C0013DF0B /* VerificationViewController.swift */; };
		EE945D712AE51A3C0013DF0B /* VerificationViewModel.swift in Sources */ = {isa = PBXBuildFile; fileRef = EE945D6D2AE51A3C0013DF0B /* VerificationViewModel.swift */; };
		EE945D722AE51A3C0013DF0B /* VerificationViewController.xib in Resources */ = {isa = PBXBuildFile; fileRef = EE945D6E2AE51A3C0013DF0B /* VerificationViewController.xib */; };
		EE945D792AE51B310013DF0B /* ResetPasswordViewController.swift in Sources */ = {isa = PBXBuildFile; fileRef = EE945D752AE51B310013DF0B /* ResetPasswordViewController.swift */; };
		EE945D7A2AE51B310013DF0B /* ResetPasswordViewModel.swift in Sources */ = {isa = PBXBuildFile; fileRef = EE945D762AE51B310013DF0B /* ResetPasswordViewModel.swift */; };
		EE945D7B2AE51B310013DF0B /* ResetPasswordViewController.xib in Resources */ = {isa = PBXBuildFile; fileRef = EE945D772AE51B310013DF0B /* ResetPasswordViewController.xib */; };
		EEA0EF6A2AE7DEAE0018383D /* LoginViewModelType.swift in Sources */ = {isa = PBXBuildFile; fileRef = EEA0EF672AE7DEAE0018383D /* LoginViewModelType.swift */; };
		EEA9045A2AEBF8C600C43637 /* ProductsSection.swift in Sources */ = {isa = PBXBuildFile; fileRef = EEA904592AEBF8C600C43637 /* ProductsSection.swift */; };
		EEA904632AEC043E00C43637 /* MegaCollectionReusableView.swift in Sources */ = {isa = PBXBuildFile; fileRef = EEA904612AEC043E00C43637 /* MegaCollectionReusableView.swift */; };
		EEA904642AEC043E00C43637 /* MegaCollectionReusableView.xib in Resources */ = {isa = PBXBuildFile; fileRef = EEA904622AEC043E00C43637 /* MegaCollectionReusableView.xib */; };
		EEA904672AEC117A00C43637 /* OfferSection.swift in Sources */ = {isa = PBXBuildFile; fileRef = EEA904662AEC117A00C43637 /* OfferSection.swift */; };
		EEA9046A2AEC11BF00C43637 /* OfferCollectionViewCell.swift in Sources */ = {isa = PBXBuildFile; fileRef = EEA904682AEC11BF00C43637 /* OfferCollectionViewCell.swift */; };
		EEA9046B2AEC11BF00C43637 /* OfferCollectionViewCell.xib in Resources */ = {isa = PBXBuildFile; fileRef = EEA904692AEC11BF00C43637 /* OfferCollectionViewCell.xib */; };
		EEB009532AEA9CC50032A287 /* HomeViewController.swift in Sources */ = {isa = PBXBuildFile; fileRef = EEB0094F2AEA9CC50032A287 /* HomeViewController.swift */; };
		EEB009542AEA9CC50032A287 /* HomeViewModel.swift in Sources */ = {isa = PBXBuildFile; fileRef = EEB009502AEA9CC50032A287 /* HomeViewModel.swift */; };
		EEB009592AEA9D350032A287 /* SearchTextField.swift in Sources */ = {isa = PBXBuildFile; fileRef = EEB009572AEA9D350032A287 /* SearchTextField.swift */; };
		EEC30B1F2AE946730003F2ED /* ViewAnimator in Frameworks */ = {isa = PBXBuildFile; productRef = EEC30B1E2AE946730003F2ED /* ViewAnimator */; };
		EEC33EA92AEAE3CC00350BD8 /* CategoriesSection.swift in Sources */ = {isa = PBXBuildFile; fileRef = EEC33EA82AEAE3CC00350BD8 /* CategoriesSection.swift */; };
		EEC33EAC2AEAE40D00350BD8 /* CategoriesCollectionViewCell.swift in Sources */ = {isa = PBXBuildFile; fileRef = EEC33EAA2AEAE40D00350BD8 /* CategoriesCollectionViewCell.swift */; };
		EEC33EAD2AEAE40D00350BD8 /* CategoriesCollectionViewCell.xib in Resources */ = {isa = PBXBuildFile; fileRef = EEC33EAB2AEAE40D00350BD8 /* CategoriesCollectionViewCell.xib */; };
		EEC988EE2AE90BED00675F6C /* UpdatePassword.swift in Sources */ = {isa = PBXBuildFile; fileRef = EEC988ED2AE90BED00675F6C /* UpdatePassword.swift */; };
		EEC988F02AE9108D00675F6C /* ProfileUpdate.swift in Sources */ = {isa = PBXBuildFile; fileRef = EEC988EF2AE9108D00675F6C /* ProfileUpdate.swift */; };
		EEC988F42AE917DE00675F6C /* TabBarController.swift in Sources */ = {isa = PBXBuildFile; fileRef = EEC988F22AE917DE00675F6C /* TabBarController.swift */; };
		EEC988F72AE924A500675F6C /* TabBarViewModel.swift in Sources */ = {isa = PBXBuildFile; fileRef = EEC988F62AE924A500675F6C /* TabBarViewModel.swift */; };
		EEC988FF2AE92A1400675F6C /* WishListViewController.swift in Sources */ = {isa = PBXBuildFile; fileRef = EEC988FE2AE92A1400675F6C /* WishListViewController.swift */; };
		EEC989012AE92A1900675F6C /* OrderViewController.swift in Sources */ = {isa = PBXBuildFile; fileRef = EEC989002AE92A1900675F6C /* OrderViewController.swift */; };
		EEC989032AE92A1F00675F6C /* AccountViewController.swift in Sources */ = {isa = PBXBuildFile; fileRef = EEC989022AE92A1F00675F6C /* AccountViewController.swift */; };
		EECEA2962AE3AC3E009B2FD9 /* AppDelegate.swift in Sources */ = {isa = PBXBuildFile; fileRef = EECEA2952AE3AC3E009B2FD9 /* AppDelegate.swift */; };
		EECEA2982AE3AC3E009B2FD9 /* SceneDelegate.swift in Sources */ = {isa = PBXBuildFile; fileRef = EECEA2972AE3AC3E009B2FD9 /* SceneDelegate.swift */; };
		EECEA29F2AE3AC3F009B2FD9 /* Assets.xcassets in Resources */ = {isa = PBXBuildFile; fileRef = EECEA29E2AE3AC3F009B2FD9 /* Assets.xcassets */; };
		EECEA2A22AE3AC3F009B2FD9 /* LaunchScreen.storyboard in Resources */ = {isa = PBXBuildFile; fileRef = EECEA2A02AE3AC3F009B2FD9 /* LaunchScreen.storyboard */; };
		EECF08012AE8217600E77E2E /* Verification.swift in Sources */ = {isa = PBXBuildFile; fileRef = EECF08002AE8217600E77E2E /* Verification.swift */; };
		EECF080B2AE82DE900E77E2E /* UpdatePasswordViewController.swift in Sources */ = {isa = PBXBuildFile; fileRef = EECF08072AE82DE900E77E2E /* UpdatePasswordViewController.swift */; };
		EECF080C2AE82DE900E77E2E /* UpdatePasswordViewModel.swift in Sources */ = {isa = PBXBuildFile; fileRef = EECF08082AE82DE900E77E2E /* UpdatePasswordViewModel.swift */; };
		EECF080D2AE82DE900E77E2E /* UpdatePasswordViewController.xib in Resources */ = {isa = PBXBuildFile; fileRef = EECF08092AE82DE900E77E2E /* UpdatePasswordViewController.xib */; };
		EECF08142AE8394A00E77E2E /* ProfileUpdateViewController.swift in Sources */ = {isa = PBXBuildFile; fileRef = EECF08102AE8394A00E77E2E /* ProfileUpdateViewController.swift */; };
		EECF08152AE8394A00E77E2E /* ProfileUpdateViewModel.swift in Sources */ = {isa = PBXBuildFile; fileRef = EECF08112AE8394A00E77E2E /* ProfileUpdateViewModel.swift */; };
		EECF08162AE8394A00E77E2E /* ProfileUpdateViewController.xib in Resources */ = {isa = PBXBuildFile; fileRef = EECF08122AE8394A00E77E2E /* ProfileUpdateViewController.xib */; };
		EEE0D8B22AEC1E0100187CF8 /* NewsCollectionViewCell.swift in Sources */ = {isa = PBXBuildFile; fileRef = EEE0D8AF2AEC1E0100187CF8 /* NewsCollectionViewCell.swift */; };
		EEE0D8B32AEC1E0100187CF8 /* NewsSection.swift in Sources */ = {isa = PBXBuildFile; fileRef = EEE0D8B02AEC1E0100187CF8 /* NewsSection.swift */; };
		EEE0D8B42AEC1E0100187CF8 /* NewsCollectionViewCell.xib in Resources */ = {isa = PBXBuildFile; fileRef = EEE0D8B12AEC1E0100187CF8 /* NewsCollectionViewCell.xib */; };
		EEE19DF42AE6727100A132E1 /* OTPTextField.swift in Sources */ = {isa = PBXBuildFile; fileRef = EEE19DF22AE6727100A132E1 /* OTPTextField.swift */; };
		EEE19DF72AE689C100A132E1 /* Logger.swift in Sources */ = {isa = PBXBuildFile; fileRef = EEE19DF62AE689C100A132E1 /* Logger.swift */; };
		EEE7BE2E2AE7F487006C0460 /* Login.swift in Sources */ = {isa = PBXBuildFile; fileRef = EEE7BE2D2AE7F487006C0460 /* Login.swift */; };
		EEECB3472AE3B51800549C83 /* Localizable.strings in Resources */ = {isa = PBXBuildFile; fileRef = EEECB3492AE3B51800549C83 /* Localizable.strings */; };
		EEECB3722AE3BF0900549C83 /* .swiftlint.yml in Resources */ = {isa = PBXBuildFile; fileRef = EEECB3712AE3BF0900549C83 /* .swiftlint.yml */; };
		EEF16C392AEBE6B800A1D3A7 /* ProductCollectionViewCell.swift in Sources */ = {isa = PBXBuildFile; fileRef = EEF16C372AEBE6B800A1D3A7 /* ProductCollectionViewCell.swift */; };
		EEF16C3A2AEBE6B800A1D3A7 /* ProductCollectionViewCell.xib in Resources */ = {isa = PBXBuildFile; fileRef = EEF16C382AEBE6B800A1D3A7 /* ProductCollectionViewCell.xib */; };
		EEFCC62C2AE4126200213626 /* FullButton.swift in Sources */ = {isa = PBXBuildFile; fileRef = EEFCC62B2AE4126200213626 /* FullButton.swift */; };
		EEFCC62F2AE418E100213626 /* IQKeyboardManagerSwift in Frameworks */ = {isa = PBXBuildFile; productRef = EEFCC62E2AE418E100213626 /* IQKeyboardManagerSwift */; };
		EEFCC6312AE41DC400213626 /* LabelButton.swift in Sources */ = {isa = PBXBuildFile; fileRef = EEFCC6302AE41DC400213626 /* LabelButton.swift */; };
/* End PBXBuildFile section */

/* Begin PBXContainerItemProxy section */
		EEE7BE242AE7F3F5006C0460 /* PBXContainerItemProxy */ = {
			isa = PBXContainerItemProxy;
			containerPortal = EECEA28A2AE3AC3E009B2FD9 /* Project object */;
			proxyType = 1;
			remoteGlobalIDString = EECEA2912AE3AC3E009B2FD9;
			remoteInfo = "Mega Mall";
		};
/* End PBXContainerItemProxy section */

/* Begin PBXFileReference section */
		EE0C8D7F2AEAB5120019B7FA /* MegaNavigationController.swift */ = {isa = PBXFileReference; lastKnownFileType = sourcecode.swift; path = MegaNavigationController.swift; sourceTree = "<group>"; };
		EE3061EA2AED2CB300F4DC42 /* HomeModel.swift */ = {isa = PBXFileReference; lastKnownFileType = sourcecode.swift; path = HomeModel.swift; sourceTree = "<group>"; };
		EE3061EC2AED2EEC00F4DC42 /* AddsModel.swift */ = {isa = PBXFileReference; lastKnownFileType = sourcecode.swift; path = AddsModel.swift; sourceTree = "<group>"; };
		EE3061EE2AED2F4800F4DC42 /* CategoryModel.swift */ = {isa = PBXFileReference; lastKnownFileType = sourcecode.swift; path = CategoryModel.swift; sourceTree = "<group>"; };
		EE3061F02AED2F8B00F4DC42 /* ProductModel.swift */ = {isa = PBXFileReference; lastKnownFileType = sourcecode.swift; path = ProductModel.swift; sourceTree = "<group>"; };
		EE3061F22AED2FD600F4DC42 /* OfferModel.swift */ = {isa = PBXFileReference; lastKnownFileType = sourcecode.swift; path = OfferModel.swift; sourceTree = "<group>"; };
		EE3061F42AED2FF100F4DC42 /* NewsModel.swift */ = {isa = PBXFileReference; lastKnownFileType = sourcecode.swift; path = NewsModel.swift; sourceTree = "<group>"; };
		EE32A9DA2AEACD15008F15B0 /* AddsSection.swift */ = {isa = PBXFileReference; lastKnownFileType = sourcecode.swift; path = AddsSection.swift; sourceTree = "<group>"; };
		EE32A9DD2AEAD9D5008F15B0 /* HomeViewController.xib */ = {isa = PBXFileReference; lastKnownFileType = file.xib; path = HomeViewController.xib; sourceTree = "<group>"; };
		EE32A9E12AEADD94008F15B0 /* AddsCollectionViewCell.swift */ = {isa = PBXFileReference; lastKnownFileType = sourcecode.swift; path = AddsCollectionViewCell.swift; sourceTree = "<group>"; };
		EE32A9E22AEADD94008F15B0 /* AddsCollectionViewCell.xib */ = {isa = PBXFileReference; lastKnownFileType = file.xib; path = AddsCollectionViewCell.xib; sourceTree = "<group>"; };
		EE707AC72AED684800813309 /* SectionDecorationView.swift */ = {isa = PBXFileReference; lastKnownFileType = sourcecode.swift; path = SectionDecorationView.swift; sourceTree = "<group>"; };
		EE707ACA2AED895900813309 /* NewsCollectionReusableView.swift */ = {isa = PBXFileReference; lastKnownFileType = sourcecode.swift; path = NewsCollectionReusableView.swift; sourceTree = "<group>"; };
		EE71DA992AE8130A00B09801 /* ResetPassword.swift */ = {isa = PBXFileReference; lastKnownFileType = sourcecode.swift; path = ResetPassword.swift; sourceTree = "<group>"; };
		EE71DA9B2AE816F100B09801 /* RegisterViewModelType.swift */ = {isa = PBXFileReference; lastKnownFileType = sourcecode.swift; path = RegisterViewModelType.swift; sourceTree = "<group>"; };
		EE71DA9E2AE818B400B09801 /* Register.swift */ = {isa = PBXFileReference; lastKnownFileType = sourcecode.swift; path = Register.swift; sourceTree = "<group>"; };
		EE83AD392AE3C16200E40FF1 /* Colors.xcassets */ = {isa = PBXFileReference; lastKnownFileType = folder.assetcatalog; path = Colors.xcassets; sourceTree = "<group>"; };
		EE83AD3C2AE3C20100E40FF1 /* Cairo.ttf */ = {isa = PBXFileReference; lastKnownFileType = file; path = Cairo.ttf; sourceTree = "<group>"; };
		EE83AD422AE3C4A900E40FF1 /* UIFont+Style.swift */ = {isa = PBXFileReference; fileEncoding = 4; lastKnownFileType = sourcecode.swift; path = "UIFont+Style.swift"; sourceTree = "<group>"; };
		EE83AD442AE3CEFA00E40FF1 /* DMSans.ttf */ = {isa = PBXFileReference; lastKnownFileType = file; path = DMSans.ttf; sourceTree = "<group>"; };
		EE83AD4E2AE3D19B00E40FF1 /* H1Label.swift */ = {isa = PBXFileReference; lastKnownFileType = sourcecode.swift; path = H1Label.swift; sourceTree = "<group>"; };
		EE83AD502AE3D1F000E40FF1 /* H2Label.swift */ = {isa = PBXFileReference; lastKnownFileType = sourcecode.swift; path = H2Label.swift; sourceTree = "<group>"; };
		EE83AD522AE3D20D00E40FF1 /* H3Label.swift */ = {isa = PBXFileReference; lastKnownFileType = sourcecode.swift; path = H3Label.swift; sourceTree = "<group>"; };
		EE83AD542AE3D22000E40FF1 /* MediumLabel.swift */ = {isa = PBXFileReference; lastKnownFileType = sourcecode.swift; path = MediumLabel.swift; sourceTree = "<group>"; };
		EE83AD562AE3D23B00E40FF1 /* RegularLabel.swift */ = {isa = PBXFileReference; lastKnownFileType = sourcecode.swift; path = RegularLabel.swift; sourceTree = "<group>"; };
		EE83AD582AE3D24F00E40FF1 /* SmallLabel.swift */ = {isa = PBXFileReference; lastKnownFileType = sourcecode.swift; path = SmallLabel.swift; sourceTree = "<group>"; };
		EE83AD5E2AE3E3A300E40FF1 /* LoginViewController.swift */ = {isa = PBXFileReference; lastKnownFileType = sourcecode.swift; path = LoginViewController.swift; sourceTree = "<group>"; };
		EE83AD5F2AE3E3A300E40FF1 /* LoginViewModel.swift */ = {isa = PBXFileReference; lastKnownFileType = sourcecode.swift; path = LoginViewModel.swift; sourceTree = "<group>"; };
		EE83AD602AE3E3A300E40FF1 /* LoginViewController.xib */ = {isa = PBXFileReference; lastKnownFileType = file.xib; path = LoginViewController.xib; sourceTree = "<group>"; };
		EE83AD6D2AE3E5C900E40FF1 /* DescriptionView.swift */ = {isa = PBXFileReference; lastKnownFileType = sourcecode.swift; path = DescriptionView.swift; sourceTree = "<group>"; };
		EE83AD6E2AE3E5C900E40FF1 /* DescriptionView.xib */ = {isa = PBXFileReference; lastKnownFileType = file.xib; path = DescriptionView.xib; sourceTree = "<group>"; };
		EE83AD842AE3F2BC00E40FF1 /* swiftgen.yml */ = {isa = PBXFileReference; fileEncoding = 4; lastKnownFileType = text.yaml; path = swiftgen.yml; sourceTree = "<group>"; };
		EE83AD862AE3F33C00E40FF1 /* Mega Mall.app */ = {isa = PBXFileReference; explicitFileType = wrapper.application; includeInIndex = 0; path = "Mega Mall.app"; sourceTree = BUILT_PRODUCTS_DIR; };
		EE83AD8A2AE3F7C600E40FF1 /* Strings+Generated.swift */ = {isa = PBXFileReference; fileEncoding = 4; lastKnownFileType = sourcecode.swift; path = "Strings+Generated.swift"; sourceTree = "<group>"; };
		EE83AD8F2AE3FC3D00E40FF1 /* OnboardingTextField.swift */ = {isa = PBXFileReference; lastKnownFileType = sourcecode.swift; path = OnboardingTextField.swift; sourceTree = "<group>"; };
		EE83AD902AE3FC3D00E40FF1 /* OnboardingTextField.xib */ = {isa = PBXFileReference; lastKnownFileType = file.xib; path = OnboardingTextField.xib; sourceTree = "<group>"; };
		EE945D632AE50DE10013DF0B /* RegisterViewController.swift */ = {isa = PBXFileReference; lastKnownFileType = sourcecode.swift; path = RegisterViewController.swift; sourceTree = "<group>"; };
		EE945D642AE50DE10013DF0B /* RegisterViewModel.swift */ = {isa = PBXFileReference; lastKnownFileType = sourcecode.swift; path = RegisterViewModel.swift; sourceTree = "<group>"; };
		EE945D652AE50DE10013DF0B /* RegisterViewController.xib */ = {isa = PBXFileReference; lastKnownFileType = file.xib; path = RegisterViewController.xib; sourceTree = "<group>"; };
		EE945D6C2AE51A3C0013DF0B /* VerificationViewController.swift */ = {isa = PBXFileReference; lastKnownFileType = sourcecode.swift; path = VerificationViewController.swift; sourceTree = "<group>"; };
		EE945D6D2AE51A3C0013DF0B /* VerificationViewModel.swift */ = {isa = PBXFileReference; lastKnownFileType = sourcecode.swift; path = VerificationViewModel.swift; sourceTree = "<group>"; };
		EE945D6E2AE51A3C0013DF0B /* VerificationViewController.xib */ = {isa = PBXFileReference; lastKnownFileType = file.xib; path = VerificationViewController.xib; sourceTree = "<group>"; };
		EE945D752AE51B310013DF0B /* ResetPasswordViewController.swift */ = {isa = PBXFileReference; lastKnownFileType = sourcecode.swift; path = ResetPasswordViewController.swift; sourceTree = "<group>"; };
		EE945D762AE51B310013DF0B /* ResetPasswordViewModel.swift */ = {isa = PBXFileReference; lastKnownFileType = sourcecode.swift; path = ResetPasswordViewModel.swift; sourceTree = "<group>"; };
		EE945D772AE51B310013DF0B /* ResetPasswordViewController.xib */ = {isa = PBXFileReference; lastKnownFileType = file.xib; path = ResetPasswordViewController.xib; sourceTree = "<group>"; };
		EEA0EF672AE7DEAE0018383D /* LoginViewModelType.swift */ = {isa = PBXFileReference; lastKnownFileType = sourcecode.swift; path = LoginViewModelType.swift; sourceTree = "<group>"; };
		EEA904592AEBF8C600C43637 /* ProductsSection.swift */ = {isa = PBXFileReference; lastKnownFileType = sourcecode.swift; path = ProductsSection.swift; sourceTree = "<group>"; };
		EEA904612AEC043E00C43637 /* MegaCollectionReusableView.swift */ = {isa = PBXFileReference; lastKnownFileType = sourcecode.swift; path = MegaCollectionReusableView.swift; sourceTree = "<group>"; };
		EEA904622AEC043E00C43637 /* MegaCollectionReusableView.xib */ = {isa = PBXFileReference; lastKnownFileType = file.xib; path = MegaCollectionReusableView.xib; sourceTree = "<group>"; };
		EEA904662AEC117A00C43637 /* OfferSection.swift */ = {isa = PBXFileReference; lastKnownFileType = sourcecode.swift; path = OfferSection.swift; sourceTree = "<group>"; };
		EEA904682AEC11BF00C43637 /* OfferCollectionViewCell.swift */ = {isa = PBXFileReference; lastKnownFileType = sourcecode.swift; path = OfferCollectionViewCell.swift; sourceTree = "<group>"; };
		EEA904692AEC11BF00C43637 /* OfferCollectionViewCell.xib */ = {isa = PBXFileReference; lastKnownFileType = file.xib; path = OfferCollectionViewCell.xib; sourceTree = "<group>"; };
		EEB0094F2AEA9CC50032A287 /* HomeViewController.swift */ = {isa = PBXFileReference; lastKnownFileType = sourcecode.swift; path = HomeViewController.swift; sourceTree = "<group>"; };
		EEB009502AEA9CC50032A287 /* HomeViewModel.swift */ = {isa = PBXFileReference; lastKnownFileType = sourcecode.swift; path = HomeViewModel.swift; sourceTree = "<group>"; };
		EEB009572AEA9D350032A287 /* SearchTextField.swift */ = {isa = PBXFileReference; lastKnownFileType = sourcecode.swift; path = SearchTextField.swift; sourceTree = "<group>"; };
		EEC33EA82AEAE3CC00350BD8 /* CategoriesSection.swift */ = {isa = PBXFileReference; lastKnownFileType = sourcecode.swift; path = CategoriesSection.swift; sourceTree = "<group>"; };
		EEC33EAA2AEAE40D00350BD8 /* CategoriesCollectionViewCell.swift */ = {isa = PBXFileReference; lastKnownFileType = sourcecode.swift; path = CategoriesCollectionViewCell.swift; sourceTree = "<group>"; };
		EEC33EAB2AEAE40D00350BD8 /* CategoriesCollectionViewCell.xib */ = {isa = PBXFileReference; lastKnownFileType = file.xib; path = CategoriesCollectionViewCell.xib; sourceTree = "<group>"; };
		EEC988ED2AE90BED00675F6C /* UpdatePassword.swift */ = {isa = PBXFileReference; lastKnownFileType = sourcecode.swift; path = UpdatePassword.swift; sourceTree = "<group>"; };
		EEC988EF2AE9108D00675F6C /* ProfileUpdate.swift */ = {isa = PBXFileReference; lastKnownFileType = sourcecode.swift; path = ProfileUpdate.swift; sourceTree = "<group>"; };
		EEC988F22AE917DE00675F6C /* TabBarController.swift */ = {isa = PBXFileReference; lastKnownFileType = sourcecode.swift; path = TabBarController.swift; sourceTree = "<group>"; };
		EEC988F62AE924A500675F6C /* TabBarViewModel.swift */ = {isa = PBXFileReference; lastKnownFileType = sourcecode.swift; path = TabBarViewModel.swift; sourceTree = "<group>"; };
		EEC988FE2AE92A1400675F6C /* WishListViewController.swift */ = {isa = PBXFileReference; lastKnownFileType = sourcecode.swift; path = WishListViewController.swift; sourceTree = "<group>"; };
		EEC989002AE92A1900675F6C /* OrderViewController.swift */ = {isa = PBXFileReference; lastKnownFileType = sourcecode.swift; path = OrderViewController.swift; sourceTree = "<group>"; };
		EEC989022AE92A1F00675F6C /* AccountViewController.swift */ = {isa = PBXFileReference; lastKnownFileType = sourcecode.swift; path = AccountViewController.swift; sourceTree = "<group>"; };
		EECEA2952AE3AC3E009B2FD9 /* AppDelegate.swift */ = {isa = PBXFileReference; lastKnownFileType = sourcecode.swift; path = AppDelegate.swift; sourceTree = "<group>"; };
		EECEA2972AE3AC3E009B2FD9 /* SceneDelegate.swift */ = {isa = PBXFileReference; lastKnownFileType = sourcecode.swift; path = SceneDelegate.swift; sourceTree = "<group>"; };
		EECEA29E2AE3AC3F009B2FD9 /* Assets.xcassets */ = {isa = PBXFileReference; lastKnownFileType = folder.assetcatalog; path = Assets.xcassets; sourceTree = "<group>"; };
		EECEA2A12AE3AC3F009B2FD9 /* Base */ = {isa = PBXFileReference; lastKnownFileType = file.storyboard; name = Base; path = Base.lproj/LaunchScreen.storyboard; sourceTree = "<group>"; };
		EECEA2A32AE3AC3F009B2FD9 /* Info.plist */ = {isa = PBXFileReference; lastKnownFileType = text.plist.xml; path = Info.plist; sourceTree = "<group>"; };
		EECF08002AE8217600E77E2E /* Verification.swift */ = {isa = PBXFileReference; lastKnownFileType = sourcecode.swift; path = Verification.swift; sourceTree = "<group>"; };
		EECF08072AE82DE900E77E2E /* UpdatePasswordViewController.swift */ = {isa = PBXFileReference; lastKnownFileType = sourcecode.swift; path = UpdatePasswordViewController.swift; sourceTree = "<group>"; };
		EECF08082AE82DE900E77E2E /* UpdatePasswordViewModel.swift */ = {isa = PBXFileReference; lastKnownFileType = sourcecode.swift; path = UpdatePasswordViewModel.swift; sourceTree = "<group>"; };
		EECF08092AE82DE900E77E2E /* UpdatePasswordViewController.xib */ = {isa = PBXFileReference; lastKnownFileType = file.xib; path = UpdatePasswordViewController.xib; sourceTree = "<group>"; };
		EECF08102AE8394A00E77E2E /* ProfileUpdateViewController.swift */ = {isa = PBXFileReference; lastKnownFileType = sourcecode.swift; path = ProfileUpdateViewController.swift; sourceTree = "<group>"; };
		EECF08112AE8394A00E77E2E /* ProfileUpdateViewModel.swift */ = {isa = PBXFileReference; lastKnownFileType = sourcecode.swift; path = ProfileUpdateViewModel.swift; sourceTree = "<group>"; };
		EECF08122AE8394A00E77E2E /* ProfileUpdateViewController.xib */ = {isa = PBXFileReference; lastKnownFileType = file.xib; path = ProfileUpdateViewController.xib; sourceTree = "<group>"; };
		EEE0D8AF2AEC1E0100187CF8 /* NewsCollectionViewCell.swift */ = {isa = PBXFileReference; lastKnownFileType = sourcecode.swift; path = NewsCollectionViewCell.swift; sourceTree = "<group>"; };
		EEE0D8B02AEC1E0100187CF8 /* NewsSection.swift */ = {isa = PBXFileReference; lastKnownFileType = sourcecode.swift; path = NewsSection.swift; sourceTree = "<group>"; };
		EEE0D8B12AEC1E0100187CF8 /* NewsCollectionViewCell.xib */ = {isa = PBXFileReference; lastKnownFileType = file.xib; path = NewsCollectionViewCell.xib; sourceTree = "<group>"; };
		EEE19DF22AE6727100A132E1 /* OTPTextField.swift */ = {isa = PBXFileReference; lastKnownFileType = sourcecode.swift; path = OTPTextField.swift; sourceTree = "<group>"; };
		EEE19DF62AE689C100A132E1 /* Logger.swift */ = {isa = PBXFileReference; fileEncoding = 4; lastKnownFileType = sourcecode.swift; path = Logger.swift; sourceTree = "<group>"; };
		EEE7BE202AE7F3F5006C0460 /* Mega MallTests.xctest */ = {isa = PBXFileReference; explicitFileType = wrapper.cfbundle; includeInIndex = 0; path = "Mega MallTests.xctest"; sourceTree = BUILT_PRODUCTS_DIR; };
		EEE7BE2D2AE7F487006C0460 /* Login.swift */ = {isa = PBXFileReference; lastKnownFileType = sourcecode.swift; name = Login.swift; path = "Mega Mall/Utilities/Scenes/Onboarding/Login.swift"; sourceTree = SOURCE_ROOT; };
		EEECB3422AE3B17B00549C83 /* ar */ = {isa = PBXFileReference; lastKnownFileType = text.plist.strings; name = ar; path = ar.lproj/LaunchScreen.strings; sourceTree = "<group>"; };
		EEECB3482AE3B51800549C83 /* en */ = {isa = PBXFileReference; lastKnownFileType = text.plist.strings; name = en; path = en.lproj/Localizable.strings; sourceTree = "<group>"; };
		EEECB34A2AE3B51A00549C83 /* ar */ = {isa = PBXFileReference; lastKnownFileType = text.plist.strings; name = ar; path = ar.lproj/Localizable.strings; sourceTree = "<group>"; };
		EEECB3712AE3BF0900549C83 /* .swiftlint.yml */ = {isa = PBXFileReference; fileEncoding = 4; lastKnownFileType = text.yaml; path = .swiftlint.yml; sourceTree = "<group>"; };
		EEF16C372AEBE6B800A1D3A7 /* ProductCollectionViewCell.swift */ = {isa = PBXFileReference; lastKnownFileType = sourcecode.swift; path = ProductCollectionViewCell.swift; sourceTree = "<group>"; };
		EEF16C382AEBE6B800A1D3A7 /* ProductCollectionViewCell.xib */ = {isa = PBXFileReference; lastKnownFileType = file.xib; path = ProductCollectionViewCell.xib; sourceTree = "<group>"; };
		EEFCC62B2AE4126200213626 /* FullButton.swift */ = {isa = PBXFileReference; lastKnownFileType = sourcecode.swift; path = FullButton.swift; sourceTree = "<group>"; };
		EEFCC6302AE41DC400213626 /* LabelButton.swift */ = {isa = PBXFileReference; lastKnownFileType = sourcecode.swift; path = LabelButton.swift; sourceTree = "<group>"; };
/* End PBXFileReference section */

/* Begin PBXFrameworksBuildPhase section */
		EECEA28F2AE3AC3E009B2FD9 /* Frameworks */ = {
			isa = PBXFrameworksBuildPhase;
			buildActionMask = 2147483647;
			files = (
				EEFCC62F2AE418E100213626 /* IQKeyboardManagerSwift in Frameworks */,
				EE83AD792AE3E94700E40FF1 /* Localizable in Frameworks */,
				EEC30B1F2AE946730003F2ED /* ViewAnimator in Frameworks */,
				EE83AD672AE3E40400E40FF1 /* Factory in Frameworks */,
				EE32A9D82AEACC96008F15B0 /* CompositionalLayoutableSection in Frameworks */,
				EE83AD952AE3FD3800E40FF1 /* Extensions in Frameworks */,
				EE83AD762AE3E92A00E40FF1 /* MakeConstraints in Frameworks */,
			);
			runOnlyForDeploymentPostprocessing = 0;
		};
		EEE7BE1D2AE7F3F5006C0460 /* Frameworks */ = {
			isa = PBXFrameworksBuildPhase;
			buildActionMask = 2147483647;
			files = (
			);
			runOnlyForDeploymentPostprocessing = 0;
		};
/* End PBXFrameworksBuildPhase section */

/* Begin PBXGroup section */
		EE32A9D92AEACD07008F15B0 /* Section */ = {
			isa = PBXGroup;
			children = (
				EE32A9E02AEADD70008F15B0 /* Adds Section */,
				EEC33EA72AEAE3BB00350BD8 /* Categories Section */,
				EEF16C342AEBE68600A1D3A7 /* Products Section */,
				EEA904652AEC113200C43637 /* Offer */,
				EEA9046E2AEC1A1400C43637 /* News Section */,
			);
			path = Section;
			sourceTree = "<group>";
		};
		EE32A9E02AEADD70008F15B0 /* Adds Section */ = {
			isa = PBXGroup;
			children = (
				EE32A9DA2AEACD15008F15B0 /* AddsSection.swift */,
				EE3061EC2AED2EEC00F4DC42 /* AddsModel.swift */,
				EE32A9E12AEADD94008F15B0 /* AddsCollectionViewCell.swift */,
				EE32A9E22AEADD94008F15B0 /* AddsCollectionViewCell.xib */,
			);
			path = "Adds Section";
			sourceTree = "<group>";
		};
		EE707AC62AED682E00813309 /* CollectionReusableView */ = {
			isa = PBXGroup;
			children = (
				EE707AC72AED684800813309 /* SectionDecorationView.swift */,
			);
			path = CollectionReusableView;
			sourceTree = "<group>";
		};
		EE707AC92AED893700813309 /* News */ = {
			isa = PBXGroup;
			children = (
				EE707ACA2AED895900813309 /* NewsCollectionReusableView.swift */,
			);
			path = News;
			sourceTree = "<group>";
		};
		EE71DA9D2AE8189B00B09801 /* Register */ = {
			isa = PBXGroup;
			children = (
				EE71DA9E2AE818B400B09801 /* Register.swift */,
				EEC988EF2AE9108D00675F6C /* ProfileUpdate.swift */,
			);
			path = Register;
			sourceTree = "<group>";
		};
		EE83AD372AE3C0FD00E40FF1 /* Resources */ = {
			isa = PBXGroup;
			children = (
				EE83AD892AE3F7AD00E40FF1 /* Generated */,
				EE83AD3B2AE3C17400E40FF1 /* Fonts */,
				EE83AD382AE3C14200E40FF1 /* Localization */,
				EECEA29E2AE3AC3F009B2FD9 /* Assets.xcassets */,
				EE83AD392AE3C16200E40FF1 /* Colors.xcassets */,
			);
			path = Resources;
			sourceTree = "<group>";
		};
		EE83AD382AE3C14200E40FF1 /* Localization */ = {
			isa = PBXGroup;
			children = (
				EEECB3492AE3B51800549C83 /* Localizable.strings */,
			);
			path = Localization;
			sourceTree = "<group>";
		};
		EE83AD3B2AE3C17400E40FF1 /* Fonts */ = {
			isa = PBXGroup;
			children = (
				EE83AD422AE3C4A900E40FF1 /* UIFont+Style.swift */,
				EE83AD442AE3CEFA00E40FF1 /* DMSans.ttf */,
				EE83AD3C2AE3C20100E40FF1 /* Cairo.ttf */,
			);
			path = Fonts;
			sourceTree = "<group>";
		};
		EE83AD482AE3D14A00E40FF1 /* Custom Views */ = {
			isa = PBXGroup;
			children = (
				EE707AC62AED682E00813309 /* CollectionReusableView */,
				EEA9045B2AEBFCF000C43637 /* SupplementaryViews */,
				EE83AD492AE3D15A00E40FF1 /* Labels */,
				EE83AD6C2AE3E5B400E40FF1 /* Description View */,
				EE83AD8E2AE3FC1B00E40FF1 /* Onboarding TextField */,
				EEFCC62B2AE4126200213626 /* FullButton.swift */,
				EEFCC6302AE41DC400213626 /* LabelButton.swift */,
				EEE19DF22AE6727100A132E1 /* OTPTextField.swift */,
				EEB009572AEA9D350032A287 /* SearchTextField.swift */,
				EE0C8D7F2AEAB5120019B7FA /* MegaNavigationController.swift */,
			);
			path = "Custom Views";
			sourceTree = "<group>";
		};
		EE83AD492AE3D15A00E40FF1 /* Labels */ = {
			isa = PBXGroup;
			children = (
				EE83AD4E2AE3D19B00E40FF1 /* H1Label.swift */,
				EE83AD502AE3D1F000E40FF1 /* H2Label.swift */,
				EE83AD522AE3D20D00E40FF1 /* H3Label.swift */,
				EE83AD542AE3D22000E40FF1 /* MediumLabel.swift */,
				EE83AD562AE3D23B00E40FF1 /* RegularLabel.swift */,
				EE83AD582AE3D24F00E40FF1 /* SmallLabel.swift */,
			);
			path = Labels;
			sourceTree = "<group>";
		};
		EE83AD5A2AE3D56E00E40FF1 /* Scenes */ = {
			isa = PBXGroup;
			children = (
				EE83AD5B2AE3E08D00E40FF1 /* Onboarding */,
				EEC988F12AE917A900675F6C /* TabBar */,
				EEC988F82AE929B400675F6C /* Home */,
				EEC988FB2AE929DA00675F6C /* Wishlist */,
				EEC988FC2AE929E200675F6C /* Order */,
				EEC988FD2AE929EA00675F6C /* Account */,
			);
			path = Scenes;
			sourceTree = "<group>";
		};
		EE83AD5B2AE3E08D00E40FF1 /* Onboarding */ = {
			isa = PBXGroup;
			children = (
				EE83AD5C2AE3E31000E40FF1 /* Login */,
				EE945D6A2AE519340013DF0B /* Verification */,
				EE945D732AE51B020013DF0B /* ForgotPassword */,
				EE83AD7A2AE3EE8500E40FF1 /* Register */,
			);
			path = Onboarding;
			sourceTree = "<group>";
		};
		EE83AD5C2AE3E31000E40FF1 /* Login */ = {
			isa = PBXGroup;
			children = (
				EEA0EF672AE7DEAE0018383D /* LoginViewModelType.swift */,
				EE83AD5F2AE3E3A300E40FF1 /* LoginViewModel.swift */,
				EE83AD5E2AE3E3A300E40FF1 /* LoginViewController.swift */,
				EE83AD602AE3E3A300E40FF1 /* LoginViewController.xib */,
			);
			path = Login;
			sourceTree = "<group>";
		};
		EE83AD6C2AE3E5B400E40FF1 /* Description View */ = {
			isa = PBXGroup;
			children = (
				EE83AD6D2AE3E5C900E40FF1 /* DescriptionView.swift */,
				EE83AD6E2AE3E5C900E40FF1 /* DescriptionView.xib */,
			);
			path = "Description View";
			sourceTree = "<group>";
		};
		EE83AD7A2AE3EE8500E40FF1 /* Register */ = {
			isa = PBXGroup;
			children = (
				EE83AD7B2AE3EF4F00E40FF1 /* Email */,
				EECF080E2AE838ED00E77E2E /* ProfileUpdate */,
			);
			path = Register;
			sourceTree = "<group>";
		};
		EE83AD7B2AE3EF4F00E40FF1 /* Email */ = {
			isa = PBXGroup;
			children = (
				EE71DA9B2AE816F100B09801 /* RegisterViewModelType.swift */,
				EE945D642AE50DE10013DF0B /* RegisterViewModel.swift */,
				EE945D632AE50DE10013DF0B /* RegisterViewController.swift */,
				EE945D652AE50DE10013DF0B /* RegisterViewController.xib */,
			);
			path = Email;
			sourceTree = "<group>";
		};
		EE83AD892AE3F7AD00E40FF1 /* Generated */ = {
			isa = PBXGroup;
			children = (
				EE83AD8A2AE3F7C600E40FF1 /* Strings+Generated.swift */,
			);
			path = Generated;
			sourceTree = "<group>";
		};
		EE83AD8E2AE3FC1B00E40FF1 /* Onboarding TextField */ = {
			isa = PBXGroup;
			children = (
				EE83AD8F2AE3FC3D00E40FF1 /* OnboardingTextField.swift */,
				EE83AD902AE3FC3D00E40FF1 /* OnboardingTextField.xib */,
			);
			path = "Onboarding TextField";
			sourceTree = "<group>";
		};
		EE945D6A2AE519340013DF0B /* Verification */ = {
			isa = PBXGroup;
			children = (
				EE945D6D2AE51A3C0013DF0B /* VerificationViewModel.swift */,
				EE945D6C2AE51A3C0013DF0B /* VerificationViewController.swift */,
				EE945D6E2AE51A3C0013DF0B /* VerificationViewController.xib */,
			);
			path = Verification;
			sourceTree = "<group>";
		};
		EE945D732AE51B020013DF0B /* ForgotPassword */ = {
			isa = PBXGroup;
			children = (
				EECF08042AE82DB500E77E2E /* ResetPassword */,
				EECF08052AE82DC200E77E2E /* UpdatePassword */,
			);
			path = ForgotPassword;
			sourceTree = "<group>";
		};
		EEA9045B2AEBFCF000C43637 /* SupplementaryViews */ = {
			isa = PBXGroup;
			children = (
				EE707AC92AED893700813309 /* News */,
				EEA904602AEBFD1B00C43637 /* Mega */,
			);
			path = SupplementaryViews;
			sourceTree = "<group>";
		};
		EEA904602AEBFD1B00C43637 /* Mega */ = {
			isa = PBXGroup;
			children = (
				EEA904612AEC043E00C43637 /* MegaCollectionReusableView.swift */,
				EEA904622AEC043E00C43637 /* MegaCollectionReusableView.xib */,
			);
			path = Mega;
			sourceTree = "<group>";
		};
		EEA904652AEC113200C43637 /* Offer */ = {
			isa = PBXGroup;
			children = (
				EEA904662AEC117A00C43637 /* OfferSection.swift */,
				EE3061F22AED2FD600F4DC42 /* OfferModel.swift */,
				EEA904682AEC11BF00C43637 /* OfferCollectionViewCell.swift */,
				EEA904692AEC11BF00C43637 /* OfferCollectionViewCell.xib */,
			);
			path = Offer;
			sourceTree = "<group>";
		};
		EEA9046E2AEC1A1400C43637 /* News Section */ = {
			isa = PBXGroup;
			children = (
				EEE0D8B02AEC1E0100187CF8 /* NewsSection.swift */,
				EE3061F42AED2FF100F4DC42 /* NewsModel.swift */,
				EEE0D8AF2AEC1E0100187CF8 /* NewsCollectionViewCell.swift */,
				EEE0D8B12AEC1E0100187CF8 /* NewsCollectionViewCell.xib */,
			);
			path = "News Section";
			sourceTree = "<group>";
		};
		EEC33EA72AEAE3BB00350BD8 /* Categories Section */ = {
			isa = PBXGroup;
			children = (
				EEC33EA82AEAE3CC00350BD8 /* CategoriesSection.swift */,
				EE3061EE2AED2F4800F4DC42 /* CategoryModel.swift */,
				EEC33EAA2AEAE40D00350BD8 /* CategoriesCollectionViewCell.swift */,
				EEC33EAB2AEAE40D00350BD8 /* CategoriesCollectionViewCell.xib */,
			);
			path = "Categories Section";
			sourceTree = "<group>";
		};
		EEC988EC2AE90BAF00675F6C /* ForgotPassword */ = {
			isa = PBXGroup;
			children = (
				EE71DA992AE8130A00B09801 /* ResetPassword.swift */,
				EEC988ED2AE90BED00675F6C /* UpdatePassword.swift */,
			);
			path = ForgotPassword;
			sourceTree = "<group>";
		};
		EEC988F12AE917A900675F6C /* TabBar */ = {
			isa = PBXGroup;
			children = (
				EEC988F22AE917DE00675F6C /* TabBarController.swift */,
				EEC988F62AE924A500675F6C /* TabBarViewModel.swift */,
			);
			path = TabBar;
			sourceTree = "<group>";
		};
		EEC988F82AE929B400675F6C /* Home */ = {
			isa = PBXGroup;
			children = (
				EE32A9D92AEACD07008F15B0 /* Section */,
				EE3061EA2AED2CB300F4DC42 /* HomeModel.swift */,
				EEB009502AEA9CC50032A287 /* HomeViewModel.swift */,
				EEB0094F2AEA9CC50032A287 /* HomeViewController.swift */,
				EE32A9DD2AEAD9D5008F15B0 /* HomeViewController.xib */,
			);
			path = Home;
			sourceTree = "<group>";
		};
		EEC988FB2AE929DA00675F6C /* Wishlist */ = {
			isa = PBXGroup;
			children = (
				EEC988FE2AE92A1400675F6C /* WishListViewController.swift */,
			);
			path = Wishlist;
			sourceTree = "<group>";
		};
		EEC988FC2AE929E200675F6C /* Order */ = {
			isa = PBXGroup;
			children = (
				EEC989002AE92A1900675F6C /* OrderViewController.swift */,
			);
			path = Order;
			sourceTree = "<group>";
		};
		EEC988FD2AE929EA00675F6C /* Account */ = {
			isa = PBXGroup;
			children = (
				EEC989022AE92A1F00675F6C /* AccountViewController.swift */,
			);
			path = Account;
			sourceTree = "<group>";
		};
		EECEA2892AE3AC3E009B2FD9 = {
			isa = PBXGroup;
			children = (
				EE83AD842AE3F2BC00E40FF1 /* swiftgen.yml */,
				EEECB3712AE3BF0900549C83 /* .swiftlint.yml */,
				EECEA2942AE3AC3E009B2FD9 /* Mega Mall */,
				EE83AD862AE3F33C00E40FF1 /* Mega Mall.app */,
				EEE7BE202AE7F3F5006C0460 /* Mega MallTests.xctest */,
				EEE7BE212AE7F3F5006C0460 /* Mega MallTests */,
			);
			sourceTree = "<group>";
		};
		EECEA2942AE3AC3E009B2FD9 /* Mega Mall */ = {
			isa = PBXGroup;
			children = (
				EECEA2C52AE3ADE8009B2FD9 /* Utilities */,
				EE83AD372AE3C0FD00E40FF1 /* Resources */,
				EECEA2952AE3AC3E009B2FD9 /* AppDelegate.swift */,
				EECEA2972AE3AC3E009B2FD9 /* SceneDelegate.swift */,
				EECEA2A02AE3AC3F009B2FD9 /* LaunchScreen.storyboard */,
				EECEA2A32AE3AC3F009B2FD9 /* Info.plist */,
			);
			path = "Mega Mall";
			sourceTree = "<group>";
		};
		EECEA2C52AE3ADE8009B2FD9 /* Utilities */ = {
			isa = PBXGroup;
			children = (
				EEE19DF62AE689C100A132E1 /* Logger.swift */,
				EE83AD482AE3D14A00E40FF1 /* Custom Views */,
				EE83AD5A2AE3D56E00E40FF1 /* Scenes */,
			);
			path = Utilities;
			sourceTree = "<group>";
		};
		EECF08042AE82DB500E77E2E /* ResetPassword */ = {
			isa = PBXGroup;
			children = (
				EE945D762AE51B310013DF0B /* ResetPasswordViewModel.swift */,
				EE945D752AE51B310013DF0B /* ResetPasswordViewController.swift */,
				EE945D772AE51B310013DF0B /* ResetPasswordViewController.xib */,
			);
			path = ResetPassword;
			sourceTree = "<group>";
		};
		EECF08052AE82DC200E77E2E /* UpdatePassword */ = {
			isa = PBXGroup;
			children = (
				EECF08082AE82DE900E77E2E /* UpdatePasswordViewModel.swift */,
				EECF08072AE82DE900E77E2E /* UpdatePasswordViewController.swift */,
				EECF08092AE82DE900E77E2E /* UpdatePasswordViewController.xib */,
			);
			path = UpdatePassword;
			sourceTree = "<group>";
		};
		EECF080E2AE838ED00E77E2E /* ProfileUpdate */ = {
			isa = PBXGroup;
			children = (
				EECF08102AE8394A00E77E2E /* ProfileUpdateViewController.swift */,
				EECF08112AE8394A00E77E2E /* ProfileUpdateViewModel.swift */,
				EECF08122AE8394A00E77E2E /* ProfileUpdateViewController.xib */,
			);
			path = ProfileUpdate;
			sourceTree = "<group>";
		};
		EEE7BE212AE7F3F5006C0460 /* Mega MallTests */ = {
			isa = PBXGroup;
			children = (
				EEE7BE2B2AE7F46D006C0460 /* Scenes */,
			);
			path = "Mega MallTests";
			sourceTree = "<group>";
		};
		EEE7BE2B2AE7F46D006C0460 /* Scenes */ = {
			isa = PBXGroup;
			children = (
				EEE7BE2C2AE7F47A006C0460 /* Onboarding */,
			);
			path = Scenes;
			sourceTree = "<group>";
		};
		EEE7BE2C2AE7F47A006C0460 /* Onboarding */ = {
			isa = PBXGroup;
			children = (
				EEE7BE2D2AE7F487006C0460 /* Login.swift */,
				EECF08002AE8217600E77E2E /* Verification.swift */,
				EEC988EC2AE90BAF00675F6C /* ForgotPassword */,
				EE71DA9D2AE8189B00B09801 /* Register */,
			);
			path = Onboarding;
			sourceTree = "<group>";
		};
		EEF16C342AEBE68600A1D3A7 /* Products Section */ = {
			isa = PBXGroup;
			children = (
				EEA904592AEBF8C600C43637 /* ProductsSection.swift */,
				EE3061F02AED2F8B00F4DC42 /* ProductModel.swift */,
				EEF16C372AEBE6B800A1D3A7 /* ProductCollectionViewCell.swift */,
				EEF16C382AEBE6B800A1D3A7 /* ProductCollectionViewCell.xib */,
			);
			path = "Products Section";
			sourceTree = "<group>";
		};
/* End PBXGroup section */

/* Begin PBXNativeTarget section */
		EECEA2912AE3AC3E009B2FD9 /* Mega Mall */ = {
			isa = PBXNativeTarget;
			buildConfigurationList = EECEA2BC2AE3AC3F009B2FD9 /* Build configuration list for PBXNativeTarget "Mega Mall" */;
			buildPhases = (
				EE83AD8C2AE3F7E700E40FF1 /* swiftgen */,
				EEECB3732AE3BF3100549C83 /* swiftlint */,
				EECEA28E2AE3AC3E009B2FD9 /* Sources */,
				EECEA28F2AE3AC3E009B2FD9 /* Frameworks */,
				EECEA2902AE3AC3E009B2FD9 /* Resources */,
			);
			buildRules = (
			);
			dependencies = (
			);
			name = "Mega Mall";
			packageProductDependencies = (
				EE83AD662AE3E40400E40FF1 /* Factory */,
				EE83AD752AE3E92A00E40FF1 /* MakeConstraints */,
				EE83AD782AE3E94700E40FF1 /* Localizable */,
				EE83AD942AE3FD3800E40FF1 /* Extensions */,
				EEFCC62E2AE418E100213626 /* IQKeyboardManagerSwift */,
				EEC30B1E2AE946730003F2ED /* ViewAnimator */,
				EE32A9D72AEACC96008F15B0 /* CompositionalLayoutableSection */,
			);
			productName = "Mega Mall";
			productReference = EE83AD862AE3F33C00E40FF1 /* Mega Mall.app */;
			productType = "com.apple.product-type.application";
		};
		EEE7BE1F2AE7F3F5006C0460 /* Mega MallTests */ = {
			isa = PBXNativeTarget;
			buildConfigurationList = EEE7BE262AE7F3F5006C0460 /* Build configuration list for PBXNativeTarget "Mega MallTests" */;
			buildPhases = (
				EEE7BE1C2AE7F3F5006C0460 /* Sources */,
				EEE7BE1D2AE7F3F5006C0460 /* Frameworks */,
				EEE7BE1E2AE7F3F5006C0460 /* Resources */,
			);
			buildRules = (
			);
			dependencies = (
				EEE7BE252AE7F3F5006C0460 /* PBXTargetDependency */,
			);
			name = "Mega MallTests";
			productName = "Mega MallTests";
			productReference = EEE7BE202AE7F3F5006C0460 /* Mega MallTests.xctest */;
			productType = "com.apple.product-type.bundle.unit-test";
		};
/* End PBXNativeTarget section */

/* Begin PBXProject section */
		EECEA28A2AE3AC3E009B2FD9 /* Project object */ = {
			isa = PBXProject;
			attributes = {
				BuildIndependentTargetsInParallel = 1;
				LastSwiftUpdateCheck = 1500;
				LastUpgradeCheck = 1500;
				TargetAttributes = {
					EECEA2912AE3AC3E009B2FD9 = {
						CreatedOnToolsVersion = 15.0;
					};
					EEE7BE1F2AE7F3F5006C0460 = {
						CreatedOnToolsVersion = 15.0;
						TestTargetID = EECEA2912AE3AC3E009B2FD9;
					};
				};
			};
			buildConfigurationList = EECEA28D2AE3AC3E009B2FD9 /* Build configuration list for PBXProject "Mega Mall" */;
			compatibilityVersion = "Xcode 14.0";
			developmentRegion = en;
			hasScannedForEncodings = 0;
			knownRegions = (
				en,
				Base,
				ar,
			);
			mainGroup = EECEA2892AE3AC3E009B2FD9;
			packageReferences = (
				EE83AD652AE3E40400E40FF1 /* XCRemoteSwiftPackageReference "Factory" */,
				EE83AD742AE3E92A00E40FF1 /* XCLocalSwiftPackageReference "Packages/MakeConstraints" */,
				EE83AD772AE3E94700E40FF1 /* XCLocalSwiftPackageReference "Packages/Localizable" */,
				EE83AD932AE3FD3800E40FF1 /* XCLocalSwiftPackageReference "Packages/Extensions" */,
				EEFCC62D2AE418E100213626 /* XCRemoteSwiftPackageReference "IQKeyboardManager" */,
				EEC30B1D2AE946730003F2ED /* XCLocalSwiftPackageReference "Packages/ViewAnimator" */,
				EE32A9D62AEACC96008F15B0 /* XCLocalSwiftPackageReference "Packages/CompositionalLayoutableSection" */,
			);
			productRefGroup = EECEA2892AE3AC3E009B2FD9;
			projectDirPath = "";
			projectRoot = "";
			targets = (
				EECEA2912AE3AC3E009B2FD9 /* Mega Mall */,
				EEE7BE1F2AE7F3F5006C0460 /* Mega MallTests */,
			);
		};
/* End PBXProject section */

/* Begin PBXResourcesBuildPhase section */
		EECEA2902AE3AC3E009B2FD9 /* Resources */ = {
			isa = PBXResourcesBuildPhase;
			buildActionMask = 2147483647;
			files = (
				EE83AD922AE3FC3D00E40FF1 /* OnboardingTextField.xib in Resources */,
				EE32A9DF2AEAD9D5008F15B0 /* HomeViewController.xib in Resources */,
				EEF16C3A2AEBE6B800A1D3A7 /* ProductCollectionViewCell.xib in Resources */,
				EE83AD642AE3E3A300E40FF1 /* LoginViewController.xib in Resources */,
				EE83AD3A2AE3C16200E40FF1 /* Colors.xcassets in Resources */,
				EECF08162AE8394A00E77E2E /* ProfileUpdateViewController.xib in Resources */,
				EEECB3722AE3BF0900549C83 /* .swiftlint.yml in Resources */,
				EEA904642AEC043E00C43637 /* MegaCollectionReusableView.xib in Resources */,
				EECF080D2AE82DE900E77E2E /* UpdatePasswordViewController.xib in Resources */,
				EECEA2A22AE3AC3F009B2FD9 /* LaunchScreen.storyboard in Resources */,
				EE83AD702AE3E5C900E40FF1 /* DescriptionView.xib in Resources */,
				EE32A9E42AEADD94008F15B0 /* AddsCollectionViewCell.xib in Resources */,
				EE83AD452AE3CEFB00E40FF1 /* DMSans.ttf in Resources */,
				EEC33EAD2AEAE40D00350BD8 /* CategoriesCollectionViewCell.xib in Resources */,
				EEECB3472AE3B51800549C83 /* Localizable.strings in Resources */,
				EE945D692AE50DE10013DF0B /* RegisterViewController.xib in Resources */,
				EE945D7B2AE51B310013DF0B /* ResetPasswordViewController.xib in Resources */,
				EE83AD852AE3F2BC00E40FF1 /* swiftgen.yml in Resources */,
				EECEA29F2AE3AC3F009B2FD9 /* Assets.xcassets in Resources */,
				EE945D722AE51A3C0013DF0B /* VerificationViewController.xib in Resources */,
				EE83AD3D2AE3C20100E40FF1 /* Cairo.ttf in Resources */,
				EEE0D8B42AEC1E0100187CF8 /* NewsCollectionViewCell.xib in Resources */,
				EEA9046B2AEC11BF00C43637 /* OfferCollectionViewCell.xib in Resources */,
			);
			runOnlyForDeploymentPostprocessing = 0;
		};
		EEE7BE1E2AE7F3F5006C0460 /* Resources */ = {
			isa = PBXResourcesBuildPhase;
			buildActionMask = 2147483647;
			files = (
			);
			runOnlyForDeploymentPostprocessing = 0;
		};
/* End PBXResourcesBuildPhase section */

/* Begin PBXShellScriptBuildPhase section */
		EE83AD8C2AE3F7E700E40FF1 /* swiftgen */ = {
			isa = PBXShellScriptBuildPhase;
			alwaysOutOfDate = 1;
			buildActionMask = 2147483647;
			files = (
			);
			inputFileListPaths = (
			);
			inputPaths = (
			);
			name = swiftgen;
			outputFileListPaths = (
			);
			outputPaths = (
			);
			runOnlyForDeploymentPostprocessing = 0;
			shellPath = /bin/sh;
			shellScript = "# Type a script or drag a script file from your workspace to insert its path.\nexport PATH=\"$PATH:/opt/homebrew/bin\"\nif which swiftgen >/dev/null; then\n  swiftgen\nelse\n  echo \"warning: SwiftLint not installed, download from https://github.com/realm/SwiftLint\"\nfi \n";
		};
		EEECB3732AE3BF3100549C83 /* swiftlint */ = {
			isa = PBXShellScriptBuildPhase;
			alwaysOutOfDate = 1;
			buildActionMask = 2147483647;
			files = (
			);
			inputFileListPaths = (
			);
			inputPaths = (
			);
			name = swiftlint;
			outputFileListPaths = (
			);
			outputPaths = (
			);
			runOnlyForDeploymentPostprocessing = 0;
			shellPath = /bin/sh;
			shellScript = "export PATH=\"$PATH:/opt/homebrew/bin\"\nif which swiftlint >/dev/null; then\n  swiftlint\nelse\n  echo \"warning: SwiftLint not installed, download from https://github.com/realm/SwiftLint\"\nfi \n\n";
		};
/* End PBXShellScriptBuildPhase section */

/* Begin PBXSourcesBuildPhase section */
		EECEA28E2AE3AC3E009B2FD9 /* Sources */ = {
			isa = PBXSourcesBuildPhase;
			buildActionMask = 2147483647;
			files = (
				EEC989032AE92A1F00675F6C /* AccountViewController.swift in Sources */,
				EE83AD6F2AE3E5C900E40FF1 /* DescriptionView.swift in Sources */,
				EE0C8D802AEAB5120019B7FA /* MegaNavigationController.swift in Sources */,
				EEC988FF2AE92A1400675F6C /* WishListViewController.swift in Sources */,
				EEE0D8B22AEC1E0100187CF8 /* NewsCollectionViewCell.swift in Sources */,
				EEF16C392AEBE6B800A1D3A7 /* ProductCollectionViewCell.swift in Sources */,
				EEA9046A2AEC11BF00C43637 /* OfferCollectionViewCell.swift in Sources */,
				EEC988F42AE917DE00675F6C /* TabBarController.swift in Sources */,
				EE71DA9C2AE816F100B09801 /* RegisterViewModelType.swift in Sources */,
				EECF080B2AE82DE900E77E2E /* UpdatePasswordViewController.swift in Sources */,
				EECF08142AE8394A00E77E2E /* ProfileUpdateViewController.swift in Sources */,
				EEFCC62C2AE4126200213626 /* FullButton.swift in Sources */,
				EEC33EAC2AEAE40D00350BD8 /* CategoriesCollectionViewCell.swift in Sources */,
				EECF08152AE8394A00E77E2E /* ProfileUpdateViewModel.swift in Sources */,
				EE945D712AE51A3C0013DF0B /* VerificationViewModel.swift in Sources */,
				EE3061ED2AED2EEC00F4DC42 /* AddsModel.swift in Sources */,
				EE83AD8B2AE3F7C600E40FF1 /* Strings+Generated.swift in Sources */,
				EE32A9E32AEADD94008F15B0 /* AddsCollectionViewCell.swift in Sources */,
				EEFCC6312AE41DC400213626 /* LabelButton.swift in Sources */,
				EE83AD592AE3D24F00E40FF1 /* SmallLabel.swift in Sources */,
				EE3061EF2AED2F4800F4DC42 /* CategoryModel.swift in Sources */,
				EE83AD4F2AE3D19B00E40FF1 /* H1Label.swift in Sources */,
				EE3061F52AED2FF100F4DC42 /* NewsModel.swift in Sources */,
				EE83AD532AE3D20D00E40FF1 /* H3Label.swift in Sources */,
				EEA9045A2AEBF8C600C43637 /* ProductsSection.swift in Sources */,
				EEC33EA92AEAE3CC00350BD8 /* CategoriesSection.swift in Sources */,
				EE3061EB2AED2CB300F4DC42 /* HomeModel.swift in Sources */,
				EEB009592AEA9D350032A287 /* SearchTextField.swift in Sources */,
				EE83AD512AE3D1F000E40FF1 /* H2Label.swift in Sources */,
				EECEA2962AE3AC3E009B2FD9 /* AppDelegate.swift in Sources */,
				EE83AD552AE3D22000E40FF1 /* MediumLabel.swift in Sources */,
				EE83AD912AE3FC3D00E40FF1 /* OnboardingTextField.swift in Sources */,
				EE3061F32AED2FD600F4DC42 /* OfferModel.swift in Sources */,
				EE945D682AE50DE10013DF0B /* RegisterViewModel.swift in Sources */,
				EEB009532AEA9CC50032A287 /* HomeViewController.swift in Sources */,
				EE83AD432AE3C4A900E40FF1 /* UIFont+Style.swift in Sources */,
				EEA0EF6A2AE7DEAE0018383D /* LoginViewModelType.swift in Sources */,
				EE707AC82AED684800813309 /* SectionDecorationView.swift in Sources */,
				EEE19DF42AE6727100A132E1 /* OTPTextField.swift in Sources */,
				EE83AD632AE3E3A300E40FF1 /* LoginViewModel.swift in Sources */,
				EECEA2982AE3AC3E009B2FD9 /* SceneDelegate.swift in Sources */,
				EECF080C2AE82DE900E77E2E /* UpdatePasswordViewModel.swift in Sources */,
				EEA904672AEC117A00C43637 /* OfferSection.swift in Sources */,
				EE945D7A2AE51B310013DF0B /* ResetPasswordViewModel.swift in Sources */,
				EE945D792AE51B310013DF0B /* ResetPasswordViewController.swift in Sources */,
				EE945D702AE51A3C0013DF0B /* VerificationViewController.swift in Sources */,
				EEE19DF72AE689C100A132E1 /* Logger.swift in Sources */,
				EE945D672AE50DE10013DF0B /* RegisterViewController.swift in Sources */,
				EE83AD572AE3D23B00E40FF1 /* RegularLabel.swift in Sources */,
				EE3061F12AED2F8B00F4DC42 /* ProductModel.swift in Sources */,
				EEB009542AEA9CC50032A287 /* HomeViewModel.swift in Sources */,
				EEC988F72AE924A500675F6C /* TabBarViewModel.swift in Sources */,
				EE707ACB2AED895900813309 /* NewsCollectionReusableView.swift in Sources */,
				EE83AD622AE3E3A300E40FF1 /* LoginViewController.swift in Sources */,
				EEC989012AE92A1900675F6C /* OrderViewController.swift in Sources */,
				EEA904632AEC043E00C43637 /* MegaCollectionReusableView.swift in Sources */,
				EEE0D8B32AEC1E0100187CF8 /* NewsSection.swift in Sources */,
				EE32A9DB2AEACD15008F15B0 /* AddsSection.swift in Sources */,
			);
			runOnlyForDeploymentPostprocessing = 0;
		};
		EEE7BE1C2AE7F3F5006C0460 /* Sources */ = {
			isa = PBXSourcesBuildPhase;
			buildActionMask = 2147483647;
			files = (
				EEC988EE2AE90BED00675F6C /* UpdatePassword.swift in Sources */,
				EECF08012AE8217600E77E2E /* Verification.swift in Sources */,
				EE71DA9F2AE818B400B09801 /* Register.swift in Sources */,
				EEE7BE2E2AE7F487006C0460 /* Login.swift in Sources */,
				EEC988F02AE9108D00675F6C /* ProfileUpdate.swift in Sources */,
				EE71DA9A2AE8130A00B09801 /* ResetPassword.swift in Sources */,
			);
			runOnlyForDeploymentPostprocessing = 0;
		};
/* End PBXSourcesBuildPhase section */

/* Begin PBXTargetDependency section */
		EEE7BE252AE7F3F5006C0460 /* PBXTargetDependency */ = {
			isa = PBXTargetDependency;
			target = EECEA2912AE3AC3E009B2FD9 /* Mega Mall */;
			targetProxy = EEE7BE242AE7F3F5006C0460 /* PBXContainerItemProxy */;
		};
/* End PBXTargetDependency section */

/* Begin PBXVariantGroup section */
		EECEA2A02AE3AC3F009B2FD9 /* LaunchScreen.storyboard */ = {
			isa = PBXVariantGroup;
			children = (
				EECEA2A12AE3AC3F009B2FD9 /* Base */,
				EEECB3422AE3B17B00549C83 /* ar */,
			);
			name = LaunchScreen.storyboard;
			sourceTree = "<group>";
		};
		EEECB3492AE3B51800549C83 /* Localizable.strings */ = {
			isa = PBXVariantGroup;
			children = (
				EEECB3482AE3B51800549C83 /* en */,
				EEECB34A2AE3B51A00549C83 /* ar */,
			);
			name = Localizable.strings;
			sourceTree = "<group>";
		};
/* End PBXVariantGroup section */

/* Begin XCBuildConfiguration section */
		EECEA2BA2AE3AC3F009B2FD9 /* Debug */ = {
			isa = XCBuildConfiguration;
			buildSettings = {
				ALWAYS_SEARCH_USER_PATHS = NO;
				ASSETCATALOG_COMPILER_GENERATE_SWIFT_ASSET_SYMBOL_EXTENSIONS = YES;
				CLANG_ANALYZER_LOCALIZABILITY_NONLOCALIZED = YES;
				CLANG_ANALYZER_NONNULL = YES;
				CLANG_ANALYZER_NUMBER_OBJECT_CONVERSION = YES_AGGRESSIVE;
				CLANG_CXX_LANGUAGE_STANDARD = "gnu++20";
				CLANG_ENABLE_MODULES = YES;
				CLANG_ENABLE_OBJC_ARC = YES;
				CLANG_ENABLE_OBJC_WEAK = YES;
				CLANG_WARN_BLOCK_CAPTURE_AUTORELEASING = YES;
				CLANG_WARN_BOOL_CONVERSION = YES;
				CLANG_WARN_COMMA = YES;
				CLANG_WARN_CONSTANT_CONVERSION = YES;
				CLANG_WARN_DEPRECATED_OBJC_IMPLEMENTATIONS = YES;
				CLANG_WARN_DIRECT_OBJC_ISA_USAGE = YES_ERROR;
				CLANG_WARN_DOCUMENTATION_COMMENTS = YES;
				CLANG_WARN_EMPTY_BODY = YES;
				CLANG_WARN_ENUM_CONVERSION = YES;
				CLANG_WARN_INFINITE_RECURSION = YES;
				CLANG_WARN_INT_CONVERSION = YES;
				CLANG_WARN_NON_LITERAL_NULL_CONVERSION = YES;
				CLANG_WARN_OBJC_IMPLICIT_RETAIN_SELF = YES;
				CLANG_WARN_OBJC_LITERAL_CONVERSION = YES;
				CLANG_WARN_OBJC_ROOT_CLASS = YES_ERROR;
				CLANG_WARN_QUOTED_INCLUDE_IN_FRAMEWORK_HEADER = YES;
				CLANG_WARN_RANGE_LOOP_ANALYSIS = YES;
				CLANG_WARN_STRICT_PROTOTYPES = YES;
				CLANG_WARN_SUSPICIOUS_MOVE = YES;
				CLANG_WARN_UNGUARDED_AVAILABILITY = YES_AGGRESSIVE;
				CLANG_WARN_UNREACHABLE_CODE = YES;
				CLANG_WARN__DUPLICATE_METHOD_MATCH = YES;
				COPY_PHASE_STRIP = NO;
				DEBUG_INFORMATION_FORMAT = dwarf;
				ENABLE_STRICT_OBJC_MSGSEND = YES;
				ENABLE_TESTABILITY = YES;
				ENABLE_USER_SCRIPT_SANDBOXING = NO;
				GCC_C_LANGUAGE_STANDARD = gnu17;
				GCC_DYNAMIC_NO_PIC = NO;
				GCC_NO_COMMON_BLOCKS = YES;
				GCC_OPTIMIZATION_LEVEL = 0;
				GCC_PREPROCESSOR_DEFINITIONS = (
					"DEBUG=1",
					"$(inherited)",
				);
				GCC_WARN_64_TO_32_BIT_CONVERSION = YES;
				GCC_WARN_ABOUT_RETURN_TYPE = YES_ERROR;
				GCC_WARN_UNDECLARED_SELECTOR = YES;
				GCC_WARN_UNINITIALIZED_AUTOS = YES_AGGRESSIVE;
				GCC_WARN_UNUSED_FUNCTION = YES;
				GCC_WARN_UNUSED_VARIABLE = YES;
				IPHONEOS_DEPLOYMENT_TARGET = 15.0;
				LOCALIZATION_PREFERS_STRING_CATALOGS = YES;
				MTL_ENABLE_DEBUG_INFO = INCLUDE_SOURCE;
				MTL_FAST_MATH = YES;
				ONLY_ACTIVE_ARCH = YES;
				SDKROOT = iphoneos;
				SWIFT_ACTIVE_COMPILATION_CONDITIONS = "DEBUG $(inherited)";
				SWIFT_OPTIMIZATION_LEVEL = "-Onone";
			};
			name = Debug;
		};
		EECEA2BB2AE3AC3F009B2FD9 /* Release */ = {
			isa = XCBuildConfiguration;
			buildSettings = {
				ALWAYS_SEARCH_USER_PATHS = NO;
				ASSETCATALOG_COMPILER_GENERATE_SWIFT_ASSET_SYMBOL_EXTENSIONS = YES;
				CLANG_ANALYZER_LOCALIZABILITY_NONLOCALIZED = YES;
				CLANG_ANALYZER_NONNULL = YES;
				CLANG_ANALYZER_NUMBER_OBJECT_CONVERSION = YES_AGGRESSIVE;
				CLANG_CXX_LANGUAGE_STANDARD = "gnu++20";
				CLANG_ENABLE_MODULES = YES;
				CLANG_ENABLE_OBJC_ARC = YES;
				CLANG_ENABLE_OBJC_WEAK = YES;
				CLANG_WARN_BLOCK_CAPTURE_AUTORELEASING = YES;
				CLANG_WARN_BOOL_CONVERSION = YES;
				CLANG_WARN_COMMA = YES;
				CLANG_WARN_CONSTANT_CONVERSION = YES;
				CLANG_WARN_DEPRECATED_OBJC_IMPLEMENTATIONS = YES;
				CLANG_WARN_DIRECT_OBJC_ISA_USAGE = YES_ERROR;
				CLANG_WARN_DOCUMENTATION_COMMENTS = YES;
				CLANG_WARN_EMPTY_BODY = YES;
				CLANG_WARN_ENUM_CONVERSION = YES;
				CLANG_WARN_INFINITE_RECURSION = YES;
				CLANG_WARN_INT_CONVERSION = YES;
				CLANG_WARN_NON_LITERAL_NULL_CONVERSION = YES;
				CLANG_WARN_OBJC_IMPLICIT_RETAIN_SELF = YES;
				CLANG_WARN_OBJC_LITERAL_CONVERSION = YES;
				CLANG_WARN_OBJC_ROOT_CLASS = YES_ERROR;
				CLANG_WARN_QUOTED_INCLUDE_IN_FRAMEWORK_HEADER = YES;
				CLANG_WARN_RANGE_LOOP_ANALYSIS = YES;
				CLANG_WARN_STRICT_PROTOTYPES = YES;
				CLANG_WARN_SUSPICIOUS_MOVE = YES;
				CLANG_WARN_UNGUARDED_AVAILABILITY = YES_AGGRESSIVE;
				CLANG_WARN_UNREACHABLE_CODE = YES;
				CLANG_WARN__DUPLICATE_METHOD_MATCH = YES;
				COPY_PHASE_STRIP = NO;
				DEBUG_INFORMATION_FORMAT = "dwarf-with-dsym";
				ENABLE_NS_ASSERTIONS = NO;
				ENABLE_STRICT_OBJC_MSGSEND = YES;
				ENABLE_USER_SCRIPT_SANDBOXING = NO;
				GCC_C_LANGUAGE_STANDARD = gnu17;
				GCC_NO_COMMON_BLOCKS = YES;
				GCC_WARN_64_TO_32_BIT_CONVERSION = YES;
				GCC_WARN_ABOUT_RETURN_TYPE = YES_ERROR;
				GCC_WARN_UNDECLARED_SELECTOR = YES;
				GCC_WARN_UNINITIALIZED_AUTOS = YES_AGGRESSIVE;
				GCC_WARN_UNUSED_FUNCTION = YES;
				GCC_WARN_UNUSED_VARIABLE = YES;
				IPHONEOS_DEPLOYMENT_TARGET = 15.0;
				LOCALIZATION_PREFERS_STRING_CATALOGS = YES;
				MTL_ENABLE_DEBUG_INFO = NO;
				MTL_FAST_MATH = YES;
				SDKROOT = iphoneos;
				SWIFT_COMPILATION_MODE = wholemodule;
				VALIDATE_PRODUCT = YES;
			};
			name = Release;
		};
		EECEA2BD2AE3AC3F009B2FD9 /* Debug */ = {
			isa = XCBuildConfiguration;
			buildSettings = {
				ASSETCATALOG_COMPILER_APPICON_NAME = AppIcon;
				ASSETCATALOG_COMPILER_GLOBAL_ACCENT_COLOR_NAME = AccentColor;
				CODE_SIGN_STYLE = Automatic;
				CURRENT_PROJECT_VERSION = 1;
				DEVELOPMENT_TEAM = 4U8DMJ33ZN;
				GENERATE_INFOPLIST_FILE = YES;
				INFOPLIST_FILE = "Mega Mall/Info.plist";
				INFOPLIST_KEY_UIApplicationSupportsIndirectInputEvents = YES;
				INFOPLIST_KEY_UILaunchStoryboardName = LaunchScreen.storyboard;
				INFOPLIST_KEY_UISupportedInterfaceOrientations_iPad = "UIInterfaceOrientationPortrait UIInterfaceOrientationPortraitUpsideDown UIInterfaceOrientationLandscapeLeft UIInterfaceOrientationLandscapeRight";
				INFOPLIST_KEY_UISupportedInterfaceOrientations_iPhone = "UIInterfaceOrientationPortrait UIInterfaceOrientationLandscapeLeft UIInterfaceOrientationLandscapeRight";
				LD_RUNPATH_SEARCH_PATHS = (
					"$(inherited)",
					"@executable_path/Frameworks",
				);
				MARKETING_VERSION = 1.0;
				PRODUCT_BUNDLE_IDENTIFIER = "com.yamany.Mega-Mall";
				PRODUCT_NAME = "$(TARGET_NAME)";
				SWIFT_EMIT_LOC_STRINGS = YES;
				SWIFT_VERSION = 5.0;
				TARGETED_DEVICE_FAMILY = "1,2";
			};
			name = Debug;
		};
		EECEA2BE2AE3AC3F009B2FD9 /* Release */ = {
			isa = XCBuildConfiguration;
			buildSettings = {
				ASSETCATALOG_COMPILER_APPICON_NAME = AppIcon;
				ASSETCATALOG_COMPILER_GLOBAL_ACCENT_COLOR_NAME = AccentColor;
				CODE_SIGN_STYLE = Automatic;
				CURRENT_PROJECT_VERSION = 1;
				DEVELOPMENT_TEAM = 4U8DMJ33ZN;
				GENERATE_INFOPLIST_FILE = YES;
				INFOPLIST_FILE = "Mega Mall/Info.plist";
				INFOPLIST_KEY_UIApplicationSupportsIndirectInputEvents = YES;
				INFOPLIST_KEY_UILaunchStoryboardName = LaunchScreen.storyboard;
				INFOPLIST_KEY_UISupportedInterfaceOrientations_iPad = "UIInterfaceOrientationPortrait UIInterfaceOrientationPortraitUpsideDown UIInterfaceOrientationLandscapeLeft UIInterfaceOrientationLandscapeRight";
				INFOPLIST_KEY_UISupportedInterfaceOrientations_iPhone = "UIInterfaceOrientationPortrait UIInterfaceOrientationLandscapeLeft UIInterfaceOrientationLandscapeRight";
				LD_RUNPATH_SEARCH_PATHS = (
					"$(inherited)",
					"@executable_path/Frameworks",
				);
				MARKETING_VERSION = 1.0;
				PRODUCT_BUNDLE_IDENTIFIER = "com.yamany.Mega-Mall";
				PRODUCT_NAME = "$(TARGET_NAME)";
				SWIFT_EMIT_LOC_STRINGS = YES;
				SWIFT_VERSION = 5.0;
				TARGETED_DEVICE_FAMILY = "1,2";
			};
			name = Release;
		};
		EEE7BE272AE7F3F5006C0460 /* Debug */ = {
			isa = XCBuildConfiguration;
			buildSettings = {
				BUNDLE_LOADER = "$(TEST_HOST)";
				CODE_SIGN_STYLE = Automatic;
				CURRENT_PROJECT_VERSION = 1;
				DEVELOPMENT_TEAM = 4U8DMJ33ZN;
				ENABLE_USER_SCRIPT_SANDBOXING = YES;
				GENERATE_INFOPLIST_FILE = YES;
				IPHONEOS_DEPLOYMENT_TARGET = 15.0;
				MARKETING_VERSION = 1.0;
				PRODUCT_BUNDLE_IDENTIFIER = "com.yamany.Mega-MallTests";
				PRODUCT_NAME = "$(TARGET_NAME)";
				SWIFT_EMIT_LOC_STRINGS = NO;
				SWIFT_VERSION = 5.0;
				TARGETED_DEVICE_FAMILY = "1,2";
				TEST_HOST = "$(BUILT_PRODUCTS_DIR)/Mega Mall.app/$(BUNDLE_EXECUTABLE_FOLDER_PATH)/Mega Mall";
			};
			name = Debug;
		};
		EEE7BE282AE7F3F5006C0460 /* Release */ = {
			isa = XCBuildConfiguration;
			buildSettings = {
				BUNDLE_LOADER = "$(TEST_HOST)";
				CODE_SIGN_STYLE = Automatic;
				CURRENT_PROJECT_VERSION = 1;
				DEVELOPMENT_TEAM = 4U8DMJ33ZN;
				ENABLE_USER_SCRIPT_SANDBOXING = YES;
				GENERATE_INFOPLIST_FILE = YES;
				IPHONEOS_DEPLOYMENT_TARGET = 15.0;
				MARKETING_VERSION = 1.0;
				PRODUCT_BUNDLE_IDENTIFIER = "com.yamany.Mega-MallTests";
				PRODUCT_NAME = "$(TARGET_NAME)";
				SWIFT_EMIT_LOC_STRINGS = NO;
				SWIFT_VERSION = 5.0;
				TARGETED_DEVICE_FAMILY = "1,2";
				TEST_HOST = "$(BUILT_PRODUCTS_DIR)/Mega Mall.app/$(BUNDLE_EXECUTABLE_FOLDER_PATH)/Mega Mall";
			};
			name = Release;
		};
/* End XCBuildConfiguration section */

/* Begin XCConfigurationList section */
		EECEA28D2AE3AC3E009B2FD9 /* Build configuration list for PBXProject "Mega Mall" */ = {
			isa = XCConfigurationList;
			buildConfigurations = (
				EECEA2BA2AE3AC3F009B2FD9 /* Debug */,
				EECEA2BB2AE3AC3F009B2FD9 /* Release */,
			);
			defaultConfigurationIsVisible = 0;
			defaultConfigurationName = Release;
		};
		EECEA2BC2AE3AC3F009B2FD9 /* Build configuration list for PBXNativeTarget "Mega Mall" */ = {
			isa = XCConfigurationList;
			buildConfigurations = (
				EECEA2BD2AE3AC3F009B2FD9 /* Debug */,
				EECEA2BE2AE3AC3F009B2FD9 /* Release */,
			);
			defaultConfigurationIsVisible = 0;
			defaultConfigurationName = Release;
		};
		EEE7BE262AE7F3F5006C0460 /* Build configuration list for PBXNativeTarget "Mega MallTests" */ = {
			isa = XCConfigurationList;
			buildConfigurations = (
				EEE7BE272AE7F3F5006C0460 /* Debug */,
				EEE7BE282AE7F3F5006C0460 /* Release */,
			);
			defaultConfigurationIsVisible = 0;
			defaultConfigurationName = Release;
		};
/* End XCConfigurationList section */

/* Begin XCLocalSwiftPackageReference section */
		EE32A9D62AEACC96008F15B0 /* XCLocalSwiftPackageReference "Packages/CompositionalLayoutableSection" */ = {
			isa = XCLocalSwiftPackageReference;
			relativePath = Packages/CompositionalLayoutableSection;
		};
		EE83AD742AE3E92A00E40FF1 /* XCLocalSwiftPackageReference "Packages/MakeConstraints" */ = {
			isa = XCLocalSwiftPackageReference;
			relativePath = Packages/MakeConstraints;
		};
		EE83AD772AE3E94700E40FF1 /* XCLocalSwiftPackageReference "Packages/Localizable" */ = {
			isa = XCLocalSwiftPackageReference;
			relativePath = Packages/Localizable;
		};
		EE83AD932AE3FD3800E40FF1 /* XCLocalSwiftPackageReference "Packages/Extensions" */ = {
			isa = XCLocalSwiftPackageReference;
			relativePath = Packages/Extensions;
		};
		EEC30B1D2AE946730003F2ED /* XCLocalSwiftPackageReference "Packages/ViewAnimator" */ = {
			isa = XCLocalSwiftPackageReference;
			relativePath = Packages/ViewAnimator;
		};
/* End XCLocalSwiftPackageReference section */

/* Begin XCRemoteSwiftPackageReference section */
		EE83AD652AE3E40400E40FF1 /* XCRemoteSwiftPackageReference "Factory" */ = {
			isa = XCRemoteSwiftPackageReference;
			repositoryURL = "https://github.com/hmlongco/Factory";
			requirement = {
				kind = upToNextMajorVersion;
				minimumVersion = 2.3.1;
			};
		};
		EEFCC62D2AE418E100213626 /* XCRemoteSwiftPackageReference "IQKeyboardManager" */ = {
			isa = XCRemoteSwiftPackageReference;
			repositoryURL = "https://github.com/hackiftekhar/IQKeyboardManager";
			requirement = {
				kind = upToNextMajorVersion;
				minimumVersion = 6.5.16;
			};
		};
/* End XCRemoteSwiftPackageReference section */

/* Begin XCSwiftPackageProductDependency section */
		EE32A9D72AEACC96008F15B0 /* CompositionalLayoutableSection */ = {
			isa = XCSwiftPackageProductDependency;
			productName = CompositionalLayoutableSection;
		};
		EE83AD662AE3E40400E40FF1 /* Factory */ = {
			isa = XCSwiftPackageProductDependency;
			package = EE83AD652AE3E40400E40FF1 /* XCRemoteSwiftPackageReference "Factory" */;
			productName = Factory;
		};
		EE83AD752AE3E92A00E40FF1 /* MakeConstraints */ = {
			isa = XCSwiftPackageProductDependency;
			productName = MakeConstraints;
		};
		EE83AD782AE3E94700E40FF1 /* Localizable */ = {
			isa = XCSwiftPackageProductDependency;
			productName = Localizable;
		};
		EE83AD942AE3FD3800E40FF1 /* Extensions */ = {
			isa = XCSwiftPackageProductDependency;
			productName = Extensions;
		};
		EEC30B1E2AE946730003F2ED /* ViewAnimator */ = {
			isa = XCSwiftPackageProductDependency;
			productName = ViewAnimator;
		};
		EEFCC62E2AE418E100213626 /* IQKeyboardManagerSwift */ = {
			isa = XCSwiftPackageProductDependency;
			package = EEFCC62D2AE418E100213626 /* XCRemoteSwiftPackageReference "IQKeyboardManager" */;
			productName = IQKeyboardManagerSwift;
		};
/* End XCSwiftPackageProductDependency section */
	};
	rootObject = EECEA28A2AE3AC3E009B2FD9 /* Project object */;
}
